
Microsoft Visual Studio Solution File, Format Version 12.00
# Visual Studio Version 16
VisualStudioVersion = 16.0.29613.14
MinimumVisualStudioVersion = 10.0.40219.1
Project("{FAE04EC0-301F-11D3-BF4B-00C04F79EFBC}") = "Our.Umbraco.ContentList", "Our.Umbraco.ContentList\Our.Umbraco.ContentList.csproj", "{ECB32C86-99B9-4568-969D-0AD9B2580C93}"
EndProject
Project("{FAE04EC0-301F-11D3-BF4B-00C04F79EFBC}") = "Our.Umbraco.ContentList.Tests", "Our.Umbraco.ContentList.Tests\Our.Umbraco.ContentList.Tests.csproj", "{37FB0165-D5B6-48D8-A890-750074105AB7}"
EndProject
Project("{FAE04EC0-301F-11D3-BF4B-00C04F79EFBC}") = "Our.Umbraco.ContentList.Web", "Our.Umbraco.ContentList.Web\Our.Umbraco.ContentList.Web.csproj", "{AED52C4C-E4F4-4823-B1E5-9D24EDE8549A}"
EndProject
Project("{2150E333-8FDC-42A3-9474-1A3956D46DE8}") = "Solution Items", "Solution Items", "{BCC4DA24-43FC-426D-9212-4B8124AD4B01}"
	ProjectSection(SolutionItems) = preProject
		license.txt = license.txt
		Our.Umbraco.Community.ContentList.nuspec = Our.Umbraco.Community.ContentList.nuspec
		readme.md = readme.md
	EndProjectSection
EndProject
Project("{FAE04EC0-301F-11D3-BF4B-00C04F79EFBC}") = "Our.Umbraco.ContentList.Rss", "Our.Umbraco.ContentList.Rss\Our.Umbraco.ContentList.Rss.csproj", "{CC67F0FA-82CD-428E-AB16-C1D289389C06}"
EndProject
Project("{FAE04EC0-301F-11D3-BF4B-00C04F79EFBC}") = "Our.Umbraco.ContentList.Rss.Tests", "Our.Umbraco.ContentList.Rss.Tests\Our.Umbraco.ContentList.Rss.Tests.csproj", "{E558B663-22ED-49F1-9876-4F81937A1372}"
EndProject
Global
	GlobalSection(SolutionConfigurationPlatforms) = preSolution
		Debug|Any CPU = Debug|Any CPU
		Release|Any CPU = Release|Any CPU
	EndGlobalSection
	GlobalSection(ProjectConfigurationPlatforms) = postSolution
		{ECB32C86-99B9-4568-969D-0AD9B2580C93}.Debug|Any CPU.ActiveCfg = Debug|Any CPU
		{ECB32C86-99B9-4568-969D-0AD9B2580C93}.Debug|Any CPU.Build.0 = Debug|Any CPU
		{ECB32C86-99B9-4568-969D-0AD9B2580C93}.Release|Any CPU.ActiveCfg = Release|Any CPU
		{ECB32C86-99B9-4568-969D-0AD9B2580C93}.Release|Any CPU.Build.0 = Release|Any CPU
		{37FB0165-D5B6-48D8-A890-750074105AB7}.Debug|Any CPU.ActiveCfg = Debug|Any CPU
		{37FB0165-D5B6-48D8-A890-750074105AB7}.Debug|Any CPU.Build.0 = Debug|Any CPU
		{37FB0165-D5B6-48D8-A890-750074105AB7}.Release|Any CPU.ActiveCfg = Release|Any CPU
		{37FB0165-D5B6-48D8-A890-750074105AB7}.Release|Any CPU.Build.0 = Release|Any CPU
		{AED52C4C-E4F4-4823-B1E5-9D24EDE8549A}.Debug|Any CPU.ActiveCfg = Debug|Any CPU
		{AED52C4C-E4F4-4823-B1E5-9D24EDE8549A}.Debug|Any CPU.Build.0 = Debug|Any CPU
		{AED52C4C-E4F4-4823-B1E5-9D24EDE8549A}.Release|Any CPU.ActiveCfg = Release|Any CPU
		{AED52C4C-E4F4-4823-B1E5-9D24EDE8549A}.Release|Any CPU.Build.0 = Release|Any CPU
		{CC67F0FA-82CD-428E-AB16-C1D289389C06}.Debug|Any CPU.ActiveCfg = Debug|Any CPU
		{CC67F0FA-82CD-428E-AB16-C1D289389C06}.Debug|Any CPU.Build.0 = Debug|Any CPU
		{CC67F0FA-82CD-428E-AB16-C1D289389C06}.Release|Any CPU.ActiveCfg = Release|Any CPU
		{CC67F0FA-82CD-428E-AB16-C1D289389C06}.Release|Any CPU.Build.0 = Release|Any CPU
		{E558B663-22ED-49F1-9876-4F81937A1372}.Debug|Any CPU.ActiveCfg = Debug|Any CPU
		{E558B663-22ED-49F1-9876-4F81937A1372}.Debug|Any CPU.Build.0 = Debug|Any CPU
		{E558B663-22ED-49F1-9876-4F81937A1372}.Release|Any CPU.ActiveCfg = Release|Any CPU
		{E558B663-22ED-49F1-9876-4F81937A1372}.Release|Any CPU.Build.0 = Release|Any CPU
	EndGlobalSection
	GlobalSection(SolutionProperties) = preSolution
		HideSolutionNode = FALSE
	EndGlobalSection
	GlobalSection(ExtensibilityGlobals) = postSolution
		SolutionGuid = {B87CBB08-3319-4E29-8DBE-8B70AD832B90}
	EndGlobalSection
EndGlobal
